
Microsoft Visual Studio Solution File, Format Version 12.00
# Visual Studio Version 17
VisualStudioVersion = 17.1.32210.238
MinimumVisualStudioVersion = 10.0.40219.1
Project("{8BC9CEB8-8B4A-11D0-8D11-00A0C91BC942}") = "triv", "triv\triv.vcxproj", "{63BA37CF-3B78-4027-8BC1-27569B34D278}"
EndProject
Project("{8BC9CEB8-8B4A-11D0-8D11-00A0C91BC942}") = "Logger", "Logger\Logger.vcxproj", "{349D493E-7A7C-49FC-A5B6-3EFBB97B01AA}"
EndProject
Project("{8BC9CEB8-8B4A-11D0-8D11-00A0C91BC942}") = "ServerTriviador", "ServerTriviador\ServerTriviador\ServerTriviador.vcxproj", "{4E7A1015-F6CA-4166-821D-7B1383182CA2}"
EndProject
Global
	GlobalSection(SolutionConfigurationPlatforms) = preSolution
		Debug|x64 = Debug|x64
		Debug|x86 = Debug|x86
		Release|x64 = Release|x64
		Release|x86 = Release|x86
	EndGlobalSection
	GlobalSection(ProjectConfigurationPlatforms) = postSolution
		{63BA37CF-3B78-4027-8BC1-27569B34D278}.Debug|x64.ActiveCfg = Debug|x64
		{63BA37CF-3B78-4027-8BC1-27569B34D278}.Debug|x64.Build.0 = Debug|x64
		{63BA37CF-3B78-4027-8BC1-27569B34D278}.Debug|x86.ActiveCfg = Debug|Win32
		{63BA37CF-3B78-4027-8BC1-27569B34D278}.Debug|x86.Build.0 = Debug|Win32
		{63BA37CF-3B78-4027-8BC1-27569B34D278}.Release|x64.ActiveCfg = Release|x64
		{63BA37CF-3B78-4027-8BC1-27569B34D278}.Release|x64.Build.0 = Release|x64
		{63BA37CF-3B78-4027-8BC1-27569B34D278}.Release|x86.ActiveCfg = Release|Win32
		{63BA37CF-3B78-4027-8BC1-27569B34D278}.Release|x86.Build.0 = Release|Win32
		{349D493E-7A7C-49FC-A5B6-3EFBB97B01AA}.Debug|x64.ActiveCfg = Debug|x64
		{349D493E-7A7C-49FC-A5B6-3EFBB97B01AA}.Debug|x64.Build.0 = Debug|x64
		{349D493E-7A7C-49FC-A5B6-3EFBB97B01AA}.Debug|x86.ActiveCfg = Debug|Win32
		{349D493E-7A7C-49FC-A5B6-3EFBB97B01AA}.Debug|x86.Build.0 = Debug|Win32
		{349D493E-7A7C-49FC-A5B6-3EFBB97B01AA}.Release|x64.ActiveCfg = Release|x64
		{349D493E-7A7C-49FC-A5B6-3EFBB97B01AA}.Release|x64.Build.0 = Release|x64
		{349D493E-7A7C-49FC-A5B6-3EFBB97B01AA}.Release|x86.ActiveCfg = Release|Win32
		{349D493E-7A7C-49FC-A5B6-3EFBB97B01AA}.Release|x86.Build.0 = Release|Win32
		{4E7A1015-F6CA-4166-821D-7B1383182CA2}.Debug|x64.ActiveCfg = Debug|x64
		{4E7A1015-F6CA-4166-821D-7B1383182CA2}.Debug|x64.Build.0 = Debug|x64
		{4E7A1015-F6CA-4166-821D-7B1383182CA2}.Debug|x86.ActiveCfg = Debug|Win32
		{4E7A1015-F6CA-4166-821D-7B1383182CA2}.Debug|x86.Build.0 = Debug|Win32
		{4E7A1015-F6CA-4166-821D-7B1383182CA2}.Release|x64.ActiveCfg = Release|x64
		{4E7A1015-F6CA-4166-821D-7B1383182CA2}.Release|x64.Build.0 = Release|x64
		{4E7A1015-F6CA-4166-821D-7B1383182CA2}.Release|x86.ActiveCfg = Release|Win32
		{4E7A1015-F6CA-4166-821D-7B1383182CA2}.Release|x86.Build.0 = Release|Win32
	EndGlobalSection
	GlobalSection(SolutionProperties) = preSolution
		HideSolutionNode = FALSE
	EndGlobalSection
	GlobalSection(ExtensibilityGlobals) = postSolution
		SolutionGuid = {3A6FD184-829E-47B2-A9F4-4B112B9F0FF4}
	EndGlobalSection
EndGlobal
